// !$*UTF8*$!
{
	archiveVersion = 1;
	classes = {
	};
	objectVersion = 48;
	objects = {

/* Begin PBXBuildFile section */
		130075DA20774B830060CF46 /* ShoppingItemInfoViewController.swift in Sources */ = {isa = PBXBuildFile; fileRef = 130075D920774B830060CF46 /* ShoppingItemInfoViewController.swift */; };
		1311F2DD209CBF2C0037E6EF /* Categories.swift in Sources */ = {isa = PBXBuildFile; fileRef = 1311F2DC209CBF2C0037E6EF /* Categories.swift */; };
		133855A4206A9E19009AC737 /* EditUserInfoViewController.swift in Sources */ = {isa = PBXBuildFile; fileRef = 133855A3206A9E19009AC737 /* EditUserInfoViewController.swift */; };
		1338E1EF208E166E00984217 /* UserItemsViewController.swift in Sources */ = {isa = PBXBuildFile; fileRef = 1338E1EE208E166E00984217 /* UserItemsViewController.swift */; };
		134DB01F207D0D45006D7E73 /* UIImageStringExtension.swift in Sources */ = {isa = PBXBuildFile; fileRef = 134DB01E207D0D45006D7E73 /* UIImageStringExtension.swift */; };
		1352C9EC207F215200C72D21 /* AddItemViewController.swift in Sources */ = {isa = PBXBuildFile; fileRef = 1352C9EB207F215200C72D21 /* AddItemViewController.swift */; };
		1352C9EE207F259600C72D21 /* Alertable.swift in Sources */ = {isa = PBXBuildFile; fileRef = 1352C9ED207F259600C72D21 /* Alertable.swift */; };
		1369B0182069322B00B480D2 /* CurrentUser.swift in Sources */ = {isa = PBXBuildFile; fileRef = 1369B0172069322B00B480D2 /* CurrentUser.swift */; };
		13857389204D442A0032054F /* AppDelegate.swift in Sources */ = {isa = PBXBuildFile; fileRef = 13857388204D442A0032054F /* AppDelegate.swift */; };
		1385738B204D442A0032054F /* ViewController.swift in Sources */ = {isa = PBXBuildFile; fileRef = 1385738A204D442A0032054F /* ViewController.swift */; };
		1385738E204D442A0032054F /* Main.storyboard in Resources */ = {isa = PBXBuildFile; fileRef = 1385738C204D442A0032054F /* Main.storyboard */; };
		13857391204D442A0032054F /* UNIVERmag.xcdatamodeld in Sources */ = {isa = PBXBuildFile; fileRef = 1385738F204D442A0032054F /* UNIVERmag.xcdatamodeld */; };
		13857393204D442A0032054F /* Assets.xcassets in Resources */ = {isa = PBXBuildFile; fileRef = 13857392204D442A0032054F /* Assets.xcassets */; };
		13857396204D442A0032054F /* LaunchScreen.storyboard in Resources */ = {isa = PBXBuildFile; fileRef = 13857394204D442A0032054F /* LaunchScreen.storyboard */; };
		1385739E204D9A440032054F /* ShoppingItemsViewController.swift in Sources */ = {isa = PBXBuildFile; fileRef = 1385739D204D9A440032054F /* ShoppingItemsViewController.swift */; };
		138573A0204D9AE40032054F /* ShoppingItemTableViewCell.swift in Sources */ = {isa = PBXBuildFile; fileRef = 1385739F204D9AE40032054F /* ShoppingItemTableViewCell.swift */; };
		1390BC60209E368900831E01 /* CategoryTableViewCell.swift in Sources */ = {isa = PBXBuildFile; fileRef = 1390BC5F209E368900831E01 /* CategoryTableViewCell.swift */; };
		1390BC62209E36F700831E01 /* SubcategoryTableViewCell.swift in Sources */ = {isa = PBXBuildFile; fileRef = 1390BC61209E36F700831E01 /* SubcategoryTableViewCell.swift */; };
		13A0264120976240003FADF7 /* MyItemsViewController.swift in Sources */ = {isa = PBXBuildFile; fileRef = 13A0264020976240003FADF7 /* MyItemsViewController.swift */; };
		13C0F0F12068FDFF00CC5084 /* UserInfoViewController.swift in Sources */ = {isa = PBXBuildFile; fileRef = 13C0F0F02068FDFF00CC5084 /* UserInfoViewController.swift */; };
		13C0F0F3206912DC00CC5084 /* User.swift in Sources */ = {isa = PBXBuildFile; fileRef = 13C0F0F2206912DC00CC5084 /* User.swift */; };
		13DCB6F1206C083E00446339 /* ShoppingItem.swift in Sources */ = {isa = PBXBuildFile; fileRef = 13DCB6F0206C083E00446339 /* ShoppingItem.swift */; };
		13DCB6F3206C0A4B00446339 /* JSONable.swift in Sources */ = {isa = PBXBuildFile; fileRef = 13DCB6F2206C0A4B00446339 /* JSONable.swift */; };
		13DD0C7E209E052800F21435 /* Money.swift in Sources */ = {isa = PBXBuildFile; fileRef = 13DD0C7D209E052800F21435 /* Money.swift */; };
		13DD0C81209E071A00F21435 /* DoubleToIntegers.swift in Sources */ = {isa = PBXBuildFile; fileRef = 13DD0C80209E071A00F21435 /* DoubleToIntegers.swift */; };
/* End PBXBuildFile section */

/* Begin PBXFileReference section */
		130075D920774B830060CF46 /* ShoppingItemInfoViewController.swift */ = {isa = PBXFileReference; lastKnownFileType = sourcecode.swift; path = ShoppingItemInfoViewController.swift; sourceTree = "<group>"; };
		1311F2DC209CBF2C0037E6EF /* Categories.swift */ = {isa = PBXFileReference; lastKnownFileType = sourcecode.swift; path = Categories.swift; sourceTree = "<group>"; };
		133855A3206A9E19009AC737 /* EditUserInfoViewController.swift */ = {isa = PBXFileReference; lastKnownFileType = sourcecode.swift; path = EditUserInfoViewController.swift; sourceTree = "<group>"; };
		1338E1EE208E166E00984217 /* UserItemsViewController.swift */ = {isa = PBXFileReference; lastKnownFileType = sourcecode.swift; path = UserItemsViewController.swift; sourceTree = "<group>"; };
		134DB01E207D0D45006D7E73 /* UIImageStringExtension.swift */ = {isa = PBXFileReference; lastKnownFileType = sourcecode.swift; path = UIImageStringExtension.swift; sourceTree = "<group>"; };
		1352C9EB207F215200C72D21 /* AddItemViewController.swift */ = {isa = PBXFileReference; lastKnownFileType = sourcecode.swift; path = AddItemViewController.swift; sourceTree = "<group>"; };
		1352C9ED207F259600C72D21 /* Alertable.swift */ = {isa = PBXFileReference; lastKnownFileType = sourcecode.swift; path = Alertable.swift; sourceTree = "<group>"; };
		1369B0172069322B00B480D2 /* CurrentUser.swift */ = {isa = PBXFileReference; lastKnownFileType = sourcecode.swift; path = CurrentUser.swift; sourceTree = "<group>"; };
		13857385204D442A0032054F /* UNIVERmag.app */ = {isa = PBXFileReference; explicitFileType = wrapper.application; includeInIndex = 0; path = UNIVERmag.app; sourceTree = BUILT_PRODUCTS_DIR; };
		13857388204D442A0032054F /* AppDelegate.swift */ = {isa = PBXFileReference; lastKnownFileType = sourcecode.swift; path = AppDelegate.swift; sourceTree = "<group>"; };
		1385738A204D442A0032054F /* ViewController.swift */ = {isa = PBXFileReference; lastKnownFileType = sourcecode.swift; path = ViewController.swift; sourceTree = "<group>"; };
		1385738D204D442A0032054F /* Base */ = {isa = PBXFileReference; lastKnownFileType = file.storyboard; name = Base; path = Base.lproj/Main.storyboard; sourceTree = "<group>"; };
		13857390204D442A0032054F /* UNIVERmag.xcdatamodel */ = {isa = PBXFileReference; lastKnownFileType = wrapper.xcdatamodel; path = UNIVERmag.xcdatamodel; sourceTree = "<group>"; };
		13857392204D442A0032054F /* Assets.xcassets */ = {isa = PBXFileReference; lastKnownFileType = folder.assetcatalog; path = Assets.xcassets; sourceTree = "<group>"; };
		13857395204D442A0032054F /* Base */ = {isa = PBXFileReference; lastKnownFileType = file.storyboard; name = Base; path = Base.lproj/LaunchScreen.storyboard; sourceTree = "<group>"; };
		13857397204D442A0032054F /* Info.plist */ = {isa = PBXFileReference; lastKnownFileType = text.plist.xml; path = Info.plist; sourceTree = "<group>"; };
		1385739D204D9A440032054F /* ShoppingItemsViewController.swift */ = {isa = PBXFileReference; lastKnownFileType = sourcecode.swift; path = ShoppingItemsViewController.swift; sourceTree = "<group>"; };
		1385739F204D9AE40032054F /* ShoppingItemTableViewCell.swift */ = {isa = PBXFileReference; lastKnownFileType = sourcecode.swift; path = ShoppingItemTableViewCell.swift; sourceTree = "<group>"; };
		1390BC5F209E368900831E01 /* CategoryTableViewCell.swift */ = {isa = PBXFileReference; lastKnownFileType = sourcecode.swift; path = CategoryTableViewCell.swift; sourceTree = "<group>"; };
		1390BC61209E36F700831E01 /* SubcategoryTableViewCell.swift */ = {isa = PBXFileReference; lastKnownFileType = sourcecode.swift; path = SubcategoryTableViewCell.swift; sourceTree = "<group>"; };
		13A0264020976240003FADF7 /* MyItemsViewController.swift */ = {isa = PBXFileReference; lastKnownFileType = sourcecode.swift; path = MyItemsViewController.swift; sourceTree = "<group>"; };
		13C0F0F02068FDFF00CC5084 /* UserInfoViewController.swift */ = {isa = PBXFileReference; lastKnownFileType = sourcecode.swift; path = UserInfoViewController.swift; sourceTree = "<group>"; };
		13C0F0F2206912DC00CC5084 /* User.swift */ = {isa = PBXFileReference; lastKnownFileType = sourcecode.swift; path = User.swift; sourceTree = "<group>"; };
		13DCB6F0206C083E00446339 /* ShoppingItem.swift */ = {isa = PBXFileReference; lastKnownFileType = sourcecode.swift; path = ShoppingItem.swift; sourceTree = "<group>"; };
		13DCB6F2206C0A4B00446339 /* JSONable.swift */ = {isa = PBXFileReference; lastKnownFileType = sourcecode.swift; path = JSONable.swift; sourceTree = "<group>"; };
		13DD0C7D209E052800F21435 /* Money.swift */ = {isa = PBXFileReference; lastKnownFileType = sourcecode.swift; path = Money.swift; sourceTree = "<group>"; };
		13DD0C80209E071A00F21435 /* DoubleToIntegers.swift */ = {isa = PBXFileReference; lastKnownFileType = sourcecode.swift; path = DoubleToIntegers.swift; sourceTree = "<group>"; };
/* End PBXFileReference section */

/* Begin PBXFrameworksBuildPhase section */
		13857382204D442A0032054F /* Frameworks */ = {
			isa = PBXFrameworksBuildPhase;
			buildActionMask = 2147483647;
			files = (
			);
			runOnlyForDeploymentPostprocessing = 0;
		};
/* End PBXFrameworksBuildPhase section */

/* Begin PBXGroup section */
		130075D620774B160060CF46 /* VC */ = {
			isa = PBXGroup;
			children = (
				1385738A204D442A0032054F /* ViewController.swift */,
				130075D920774B830060CF46 /* ShoppingItemInfoViewController.swift */,
				1385739D204D9A440032054F /* ShoppingItemsViewController.swift */,
				1338E1EE208E166E00984217 /* UserItemsViewController.swift */,
				13A0264020976240003FADF7 /* MyItemsViewController.swift */,
				13C0F0F02068FDFF00CC5084 /* UserInfoViewController.swift */,
				133855A3206A9E19009AC737 /* EditUserInfoViewController.swift */,
				1352C9EB207F215200C72D21 /* AddItemViewController.swift */,
			);
			path = VC;
			sourceTree = "<group>";
		};
		130075D720774B360060CF46 /* Models */ = {
			isa = PBXGroup;
			children = (
				13C0F0F2206912DC00CC5084 /* User.swift */,
				1369B0172069322B00B480D2 /* CurrentUser.swift */,
				13DCB6F0206C083E00446339 /* ShoppingItem.swift */,
				1311F2DC209CBF2C0037E6EF /* Categories.swift */,
				13DD0C7D209E052800F21435 /* Money.swift */,
			);
			path = Models;
			sourceTree = "<group>";
		};
		130075D820774B430060CF46 /* Protocols */ = {
			isa = PBXGroup;
			children = (
				13DCB6F2206C0A4B00446339 /* JSONable.swift */,
				1352C9ED207F259600C72D21 /* Alertable.swift */,
			);
			path = Protocols;
			sourceTree = "<group>";
		};
		1385737C204D442A0032054F = {
			isa = PBXGroup;
			children = (
				13857387204D442A0032054F /* UNIVERmag */,
				13857386204D442A0032054F /* Products */,
			);
			sourceTree = "<group>";
		};
		13857386204D442A0032054F /* Products */ = {
			isa = PBXGroup;
			children = (
				13857385204D442A0032054F /* UNIVERmag.app */,
			);
			name = Products;
			sourceTree = "<group>";
		};
		13857387204D442A0032054F /* UNIVERmag */ = {
			isa = PBXGroup;
			children = (
				1390BC63209E3F4A00831E01 /* TableViewCells */,
				13DD0C7F209E067600F21435 /* Extensions */,
				130075D820774B430060CF46 /* Protocols */,
				130075D720774B360060CF46 /* Models */,
				130075D620774B160060CF46 /* VC */,
				1385738C204D442A0032054F /* Main.storyboard */,
				13857388204D442A0032054F /* AppDelegate.swift */,
				13857392204D442A0032054F /* Assets.xcassets */,
				13857394204D442A0032054F /* LaunchScreen.storyboard */,
				13857397204D442A0032054F /* Info.plist */,
				1385738F204D442A0032054F /* UNIVERmag.xcdatamodeld */,
			);
			path = UNIVERmag;
			sourceTree = "<group>";
		};
		1390BC63209E3F4A00831E01 /* TableViewCells */ = {
			isa = PBXGroup;
			children = (
				1390BC5F209E368900831E01 /* CategoryTableViewCell.swift */,
				1390BC61209E36F700831E01 /* SubcategoryTableViewCell.swift */,
				1385739F204D9AE40032054F /* ShoppingItemTableViewCell.swift */,
			);
			path = TableViewCells;
			sourceTree = "<group>";
		};
		13DD0C7F209E067600F21435 /* Extensions */ = {
			isa = PBXGroup;
			children = (
				134DB01E207D0D45006D7E73 /* UIImageStringExtension.swift */,
				13DD0C80209E071A00F21435 /* DoubleToIntegers.swift */,
			);
			path = Extensions;
			sourceTree = "<group>";
		};
/* End PBXGroup section */

/* Begin PBXNativeTarget section */
		13857384204D442A0032054F /* UNIVERmag */ = {
			isa = PBXNativeTarget;
			buildConfigurationList = 1385739A204D442A0032054F /* Build configuration list for PBXNativeTarget "UNIVERmag" */;
			buildPhases = (
				13857381204D442A0032054F /* Sources */,
				13857382204D442A0032054F /* Frameworks */,
				13857383204D442A0032054F /* Resources */,
			);
			buildRules = (
			);
			dependencies = (
			);
			name = UNIVERmag;
			productName = UNIVERmag;
			productReference = 13857385204D442A0032054F /* UNIVERmag.app */;
			productType = "com.apple.product-type.application";
		};
/* End PBXNativeTarget section */

/* Begin PBXProject section */
		1385737D204D442A0032054F /* Project object */ = {
			isa = PBXProject;
			attributes = {
				LastSwiftUpdateCheck = 0920;
				LastUpgradeCheck = 0920;
				ORGANIZATIONNAME = gordiig;
				TargetAttributes = {
					13857384204D442A0032054F = {
						CreatedOnToolsVersion = 9.2;
						ProvisioningStyle = Automatic;
					};
				};
			};
			buildConfigurationList = 13857380204D442A0032054F /* Build configuration list for PBXProject "UNIVERmag" */;
			compatibilityVersion = "Xcode 8.0";
			developmentRegion = en;
			hasScannedForEncodings = 0;
			knownRegions = (
				en,
				Base,
			);
			mainGroup = 1385737C204D442A0032054F;
			productRefGroup = 13857386204D442A0032054F /* Products */;
			projectDirPath = "";
			projectRoot = "";
			targets = (
				13857384204D442A0032054F /* UNIVERmag */,
			);
		};
/* End PBXProject section */

/* Begin PBXResourcesBuildPhase section */
		13857383204D442A0032054F /* Resources */ = {
			isa = PBXResourcesBuildPhase;
			buildActionMask = 2147483647;
			files = (
				13857396204D442A0032054F /* LaunchScreen.storyboard in Resources */,
				13857393204D442A0032054F /* Assets.xcassets in Resources */,
				1385738E204D442A0032054F /* Main.storyboard in Resources */,
			);
			runOnlyForDeploymentPostprocessing = 0;
		};
/* End PBXResourcesBuildPhase section */

/* Begin PBXSourcesBuildPhase section */
		13857381204D442A0032054F /* Sources */ = {
			isa = PBXSourcesBuildPhase;
			buildActionMask = 2147483647;
			files = (
				1369B0182069322B00B480D2 /* CurrentUser.swift in Sources */,
				130075DA20774B830060CF46 /* ShoppingItemInfoViewController.swift in Sources */,
				13857391204D442A0032054F /* UNIVERmag.xcdatamodeld in Sources */,
				13A0264120976240003FADF7 /* MyItemsViewController.swift in Sources */,
				133855A4206A9E19009AC737 /* EditUserInfoViewController.swift in Sources */,
				1311F2DD209CBF2C0037E6EF /* Categories.swift in Sources */,
				138573A0204D9AE40032054F /* ShoppingItemTableViewCell.swift in Sources */,
				1385738B204D442A0032054F /* ViewController.swift in Sources */,
				13C0F0F12068FDFF00CC5084 /* UserInfoViewController.swift in Sources */,
				13857389204D442A0032054F /* AppDelegate.swift in Sources */,
				134DB01F207D0D45006D7E73 /* UIImageStringExtension.swift in Sources */,
				1390BC60209E368900831E01 /* CategoryTableViewCell.swift in Sources */,
				1352C9EE207F259600C72D21 /* Alertable.swift in Sources */,
				1385739E204D9A440032054F /* ShoppingItemsViewController.swift in Sources */,
				13DD0C7E209E052800F21435 /* Money.swift in Sources */,
				13DCB6F3206C0A4B00446339 /* JSONable.swift in Sources */,
				1352C9EC207F215200C72D21 /* AddItemViewController.swift in Sources */,
				13DD0C81209E071A00F21435 /* DoubleToIntegers.swift in Sources */,
				1338E1EF208E166E00984217 /* UserItemsViewController.swift in Sources */,
				13DCB6F1206C083E00446339 /* ShoppingItem.swift in Sources */,
				1390BC62209E36F700831E01 /* SubcategoryTableViewCell.swift in Sources */,
				13C0F0F3206912DC00CC5084 /* User.swift in Sources */,
			);
			runOnlyForDeploymentPostprocessing = 0;
		};
/* End PBXSourcesBuildPhase section */

/* Begin PBXVariantGroup section */
		1385738C204D442A0032054F /* Main.storyboard */ = {
			isa = PBXVariantGroup;
			children = (
				1385738D204D442A0032054F /* Base */,
			);
			name = Main.storyboard;
			sourceTree = "<group>";
		};
		13857394204D442A0032054F /* LaunchScreen.storyboard */ = {
			isa = PBXVariantGroup;
			children = (
				13857395204D442A0032054F /* Base */,
			);
			name = LaunchScreen.storyboard;
			sourceTree = "<group>";
		};
/* End PBXVariantGroup section */

/* Begin XCBuildConfiguration section */
		13857398204D442A0032054F /* Debug */ = {
			isa = XCBuildConfiguration;
			buildSettings = {
				ALWAYS_SEARCH_USER_PATHS = NO;
				CLANG_ANALYZER_NONNULL = YES;
				CLANG_ANALYZER_NUMBER_OBJECT_CONVERSION = YES_AGGRESSIVE;
				CLANG_CXX_LANGUAGE_STANDARD = "gnu++14";
				CLANG_CXX_LIBRARY = "libc++";
				CLANG_ENABLE_MODULES = YES;
				CLANG_ENABLE_OBJC_ARC = YES;
				CLANG_WARN_BLOCK_CAPTURE_AUTORELEASING = YES;
				CLANG_WARN_BOOL_CONVERSION = YES;
				CLANG_WARN_COMMA = YES;
				CLANG_WARN_CONSTANT_CONVERSION = YES;
				CLANG_WARN_DIRECT_OBJC_ISA_USAGE = YES_ERROR;
				CLANG_WARN_DOCUMENTATION_COMMENTS = YES;
				CLANG_WARN_EMPTY_BODY = YES;
				CLANG_WARN_ENUM_CONVERSION = YES;
				CLANG_WARN_INFINITE_RECURSION = YES;
				CLANG_WARN_INT_CONVERSION = YES;
				CLANG_WARN_NON_LITERAL_NULL_CONVERSION = YES;
				CLANG_WARN_OBJC_LITERAL_CONVERSION = YES;
				CLANG_WARN_OBJC_ROOT_CLASS = YES_ERROR;
				CLANG_WARN_RANGE_LOOP_ANALYSIS = YES;
				CLANG_WARN_STRICT_PROTOTYPES = YES;
				CLANG_WARN_SUSPICIOUS_MOVE = YES;
				CLANG_WARN_UNGUARDED_AVAILABILITY = YES_AGGRESSIVE;
				CLANG_WARN_UNREACHABLE_CODE = YES;
				CLANG_WARN__DUPLICATE_METHOD_MATCH = YES;
				CODE_SIGN_IDENTITY = "iPhone Developer";
				COPY_PHASE_STRIP = NO;
				DEBUG_INFORMATION_FORMAT = dwarf;
				ENABLE_STRICT_OBJC_MSGSEND = YES;
				ENABLE_TESTABILITY = YES;
				GCC_C_LANGUAGE_STANDARD = gnu11;
				GCC_DYNAMIC_NO_PIC = NO;
				GCC_NO_COMMON_BLOCKS = YES;
				GCC_OPTIMIZATION_LEVEL = 0;
				GCC_PREPROCESSOR_DEFINITIONS = (
					"DEBUG=1",
					"$(inherited)",
				);
				GCC_WARN_64_TO_32_BIT_CONVERSION = YES;
				GCC_WARN_ABOUT_RETURN_TYPE = YES_ERROR;
				GCC_WARN_UNDECLARED_SELECTOR = YES;
				GCC_WARN_UNINITIALIZED_AUTOS = YES_AGGRESSIVE;
				GCC_WARN_UNUSED_FUNCTION = YES;
				GCC_WARN_UNUSED_VARIABLE = YES;
				IPHONEOS_DEPLOYMENT_TARGET = 11.2;
				MTL_ENABLE_DEBUG_INFO = YES;
				ONLY_ACTIVE_ARCH = YES;
				SDKROOT = iphoneos;
				SWIFT_ACTIVE_COMPILATION_CONDITIONS = DEBUG;
				SWIFT_OPTIMIZATION_LEVEL = "-Onone";
			};
			name = Debug;
		};
		13857399204D442A0032054F /* Release */ = {
			isa = XCBuildConfiguration;
			buildSettings = {
				ALWAYS_SEARCH_USER_PATHS = NO;
				CLANG_ANALYZER_NONNULL = YES;
				CLANG_ANALYZER_NUMBER_OBJECT_CONVERSION = YES_AGGRESSIVE;
				CLANG_CXX_LANGUAGE_STANDARD = "gnu++14";
				CLANG_CXX_LIBRARY = "libc++";
				CLANG_ENABLE_MODULES = YES;
				CLANG_ENABLE_OBJC_ARC = YES;
				CLANG_WARN_BLOCK_CAPTURE_AUTORELEASING = YES;
				CLANG_WARN_BOOL_CONVERSION = YES;
				CLANG_WARN_COMMA = YES;
				CLANG_WARN_CONSTANT_CONVERSION = YES;
				CLANG_WARN_DIRECT_OBJC_ISA_USAGE = YES_ERROR;
				CLANG_WARN_DOCUMENTATION_COMMENTS = YES;
				CLANG_WARN_EMPTY_BODY = YES;
				CLANG_WARN_ENUM_CONVERSION = YES;
				CLANG_WARN_INFINITE_RECURSION = YES;
				CLANG_WARN_INT_CONVERSION = YES;
				CLANG_WARN_NON_LITERAL_NULL_CONVERSION = YES;
				CLANG_WARN_OBJC_LITERAL_CONVERSION = YES;
				CLANG_WARN_OBJC_ROOT_CLASS = YES_ERROR;
				CLANG_WARN_RANGE_LOOP_ANALYSIS = YES;
				CLANG_WARN_STRICT_PROTOTYPES = YES;
				CLANG_WARN_SUSPICIOUS_MOVE = YES;
				CLANG_WARN_UNGUARDED_AVAILABILITY = YES_AGGRESSIVE;
				CLANG_WARN_UNREACHABLE_CODE = YES;
				CLANG_WARN__DUPLICATE_METHOD_MATCH = YES;
				CODE_SIGN_IDENTITY = "iPhone Developer";
				COPY_PHASE_STRIP = NO;
				DEBUG_INFORMATION_FORMAT = "dwarf-with-dsym";
				ENABLE_NS_ASSERTIONS = NO;
				ENABLE_STRICT_OBJC_MSGSEND = YES;
				GCC_C_LANGUAGE_STANDARD = gnu11;
				GCC_NO_COMMON_BLOCKS = YES;
				GCC_WARN_64_TO_32_BIT_CONVERSION = YES;
				GCC_WARN_ABOUT_RETURN_TYPE = YES_ERROR;
				GCC_WARN_UNDECLARED_SELECTOR = YES;
				GCC_WARN_UNINITIALIZED_AUTOS = YES_AGGRESSIVE;
				GCC_WARN_UNUSED_FUNCTION = YES;
				GCC_WARN_UNUSED_VARIABLE = YES;
				IPHONEOS_DEPLOYMENT_TARGET = 11.2;
				MTL_ENABLE_DEBUG_INFO = NO;
				SDKROOT = iphoneos;
				SWIFT_OPTIMIZATION_LEVEL = "-Owholemodule";
				VALIDATE_PRODUCT = YES;
			};
			name = Release;
		};
		1385739B204D442A0032054F /* Debug */ = {
			isa = XCBuildConfiguration;
			buildSettings = {
				ASSETCATALOG_COMPILER_APPICON_NAME = AppIcon;
				CODE_SIGN_STYLE = Automatic;
				INFOPLIST_FILE = UNIVERmag/Info.plist;
				LD_RUNPATH_SEARCH_PATHS = "$(inherited) @executable_path/Frameworks";
				PRODUCT_BUNDLE_IDENTIFIER = gordiig.UNIVERmag;
				PRODUCT_NAME = "$(TARGET_NAME)";
				SWIFT_VERSION = 4.0;
				TARGETED_DEVICE_FAMILY = "1,2";
			};
			name = Debug;
		};
		1385739C204D442A0032054F /* Release */ = {
			isa = XCBuildConfiguration;
			buildSettings = {
				ASSETCATALOG_COMPILER_APPICON_NAME = AppIcon;
				CODE_SIGN_STYLE = Automatic;
				INFOPLIST_FILE = UNIVERmag/Info.plist;
				LD_RUNPATH_SEARCH_PATHS = "$(inherited) @executable_path/Frameworks";
				PRODUCT_BUNDLE_IDENTIFIER = gordiig.UNIVERmag;
				PRODUCT_NAME = "$(TARGET_NAME)";
				SWIFT_VERSION = 4.0;
				TARGETED_DEVICE_FAMILY = "1,2";
			};
			name = Release;
		};
/* End XCBuildConfiguration section */

/* Begin XCConfigurationList section */
		13857380204D442A0032054F /* Build configuration list for PBXProject "UNIVERmag" */ = {
			isa = XCConfigurationList;
			buildConfigurations = (
				13857398204D442A0032054F /* Debug */,
				13857399204D442A0032054F /* Release */,
			);
			defaultConfigurationIsVisible = 0;
			defaultConfigurationName = Release;
		};
		1385739A204D442A0032054F /* Build configuration list for PBXNativeTarget "UNIVERmag" */ = {
			isa = XCConfigurationList;
			buildConfigurations = (
				1385739B204D442A0032054F /* Debug */,
				1385739C204D442A0032054F /* Release */,
			);
			defaultConfigurationIsVisible = 0;
			defaultConfigurationName = Release;
		};
/* End XCConfigurationList section */

/* Begin XCVersionGroup section */
		1385738F204D442A0032054F /* UNIVERmag.xcdatamodeld */ = {
			isa = XCVersionGroup;
			children = (
				13857390204D442A0032054F /* UNIVERmag.xcdatamodel */,
			);
			currentVersion = 13857390204D442A0032054F /* UNIVERmag.xcdatamodel */;
			path = UNIVERmag.xcdatamodeld;
			sourceTree = "<group>";
			versionGroupType = wrapper.xcdatamodel;
		};
/* End XCVersionGroup section */
	};
	rootObject = 1385737D204D442A0032054F /* Project object */;
}
